
Microsoft Visual Studio Solution File, Format Version 12.00
# Visual Studio Version 17
VisualStudioVersion = 17.1.32210.238
MinimumVisualStudioVersion = 10.0.40219.1
Project("{9A19103F-16F7-4668-BE54-9A1E7A4F7556}") = "MySocialNetwork", "MySocialNetwork\MySocialNetwork.csproj", "{D2EDD104-4A67-419E-8353-85F760A55FDE}"
EndProject
Project("{FAE04EC0-301F-11D3-BF4B-00C04F79EFBC}") = "MySocialNetwork.Tests", "MySocialNetwork.Tests\MySocialNetwork.Tests.csproj", "{D3B4E987-3E7A-4FCF-84D2-16132D510153}"
EndProject
Global
	GlobalSection(SolutionConfigurationPlatforms) = preSolution
		Debug|Any CPU = Debug|Any CPU
		Release|Any CPU = Release|Any CPU
	EndGlobalSection
	GlobalSection(ProjectConfigurationPlatforms) = postSolution
		{D2EDD104-4A67-419E-8353-85F760A55FDE}.Debug|Any CPU.ActiveCfg = Debug|Any CPU
		{D2EDD104-4A67-419E-8353-85F760A55FDE}.Debug|Any CPU.Build.0 = Debug|Any CPU
		{D2EDD104-4A67-419E-8353-85F760A55FDE}.Release|Any CPU.ActiveCfg = Release|Any CPU
		{D2EDD104-4A67-419E-8353-85F760A55FDE}.Release|Any CPU.Build.0 = Release|Any CPU
		{D3B4E987-3E7A-4FCF-84D2-16132D510153}.Debug|Any CPU.ActiveCfg = Debug|Any CPU
		{D3B4E987-3E7A-4FCF-84D2-16132D510153}.Debug|Any CPU.Build.0 = Debug|Any CPU
		{D3B4E987-3E7A-4FCF-84D2-16132D510153}.Release|Any CPU.ActiveCfg = Release|Any CPU
		{D3B4E987-3E7A-4FCF-84D2-16132D510153}.Release|Any CPU.Build.0 = Release|Any CPU
	EndGlobalSection
	GlobalSection(SolutionProperties) = preSolution
		HideSolutionNode = FALSE
	EndGlobalSection
	GlobalSection(ExtensibilityGlobals) = postSolution
		SolutionGuid = {D5AF2CB7-819D-4D3D-9F76-BAA7860E5B87}
	EndGlobalSection
EndGlobal
